// !$*UTF8*$!
{
	archiveVersion = 1;
	classes = {
	};
	objectVersion = 50;
	objects = {

/* Begin PBXBuildFile section */
		431E302020F4A565002C8D57 /* SketchGradient.swift in Sources */ = {isa = PBXBuildFile; fileRef = 431E301F20F4A565002C8D57 /* SketchGradient.swift */; };
		4326F5A820EF6CE600B39AA7 /* TestViewController.swift in Sources */ = {isa = PBXBuildFile; fileRef = 4326F5A720EF6CE600B39AA7 /* TestViewController.swift */; };
		4351838520F24BE100635E5C /* NiceViewController.swift in Sources */ = {isa = PBXBuildFile; fileRef = 4351838420F24BE100635E5C /* NiceViewController.swift */; };
		4351838720F24EEC00635E5C /* navbarhieghtextension.swift in Sources */ = {isa = PBXBuildFile; fileRef = 4351838620F24EEC00635E5C /* navbarhieghtextension.swift */; };
		4381549120F09F1F00B2BDC8 /* NoiceTableViewCell.swift in Sources */ = {isa = PBXBuildFile; fileRef = 4381549020F09F1F00B2BDC8 /* NoiceTableViewCell.swift */; };
		438A2DE720F76AA000192508 /* UIControlInteractionManager.swift in Sources */ = {isa = PBXBuildFile; fileRef = 438A2DE620F76AA000192508 /* UIControlInteractionManager.swift */; };
		43ADA3D820EE0D9B009FAAA9 /* ViewController.swift in Sources */ = {isa = PBXBuildFile; fileRef = 43ADA3D720EE0D9B009FAAA9 /* ViewController.swift */; };
		43ADA3DB20EE0D9B009FAAA9 /* Main.storyboard in Resources */ = {isa = PBXBuildFile; fileRef = 43ADA3D920EE0D9B009FAAA9 /* Main.storyboard */; };
		43ADA3DD20EE0D9D009FAAA9 /* Assets.xcassets in Resources */ = {isa = PBXBuildFile; fileRef = 43ADA3DC20EE0D9D009FAAA9 /* Assets.xcassets */; };
		43ADA3E020EE0D9D009FAAA9 /* LaunchScreen.storyboard in Resources */ = {isa = PBXBuildFile; fileRef = 43ADA3DE20EE0D9D009FAAA9 /* LaunchScreen.storyboard */; };
		43ADA3E820EE4526009FAAA9 /* CustomNavBar.swift in Sources */ = {isa = PBXBuildFile; fileRef = 43ADA3E720EE4526009FAAA9 /* CustomNavBar.swift */; };
		43BF564220F5EA6D00AF63FE /* TestView.swift in Sources */ = {isa = PBXBuildFile; fileRef = 43BF564120F5EA6D00AF63FE /* TestView.swift */; };
		43CD08E820F3709100FA2919 /* AppDelegate.swift in Sources */ = {isa = PBXBuildFile; fileRef = 43CD08E720F3709100FA2919 /* AppDelegate.swift */; };
/* End PBXBuildFile section */

/* Begin PBXFileReference section */
		431E301F20F4A565002C8D57 /* SketchGradient.swift */ = {isa = PBXFileReference; lastKnownFileType = sourcecode.swift; path = SketchGradient.swift; sourceTree = "<group>"; };
		4326F5A720EF6CE600B39AA7 /* TestViewController.swift */ = {isa = PBXFileReference; lastKnownFileType = sourcecode.swift; path = TestViewController.swift; sourceTree = "<group>"; };
		4351838420F24BE100635E5C /* NiceViewController.swift */ = {isa = PBXFileReference; lastKnownFileType = sourcecode.swift; path = NiceViewController.swift; sourceTree = "<group>"; };
		4351838620F24EEC00635E5C /* navbarhieghtextension.swift */ = {isa = PBXFileReference; lastKnownFileType = sourcecode.swift; path = navbarhieghtextension.swift; sourceTree = "<group>"; };
		4381549020F09F1F00B2BDC8 /* NoiceTableViewCell.swift */ = {isa = PBXFileReference; lastKnownFileType = sourcecode.swift; path = NoiceTableViewCell.swift; sourceTree = "<group>"; };
		438A2DE620F76AA000192508 /* UIControlInteractionManager.swift */ = {isa = PBXFileReference; lastKnownFileType = sourcecode.swift; path = UIControlInteractionManager.swift; sourceTree = "<group>"; };
		43ADA3D220EE0D9B009FAAA9 /* GradientTest.app */ = {isa = PBXFileReference; explicitFileType = wrapper.application; includeInIndex = 0; path = GradientTest.app; sourceTree = BUILT_PRODUCTS_DIR; };
		43ADA3D720EE0D9B009FAAA9 /* ViewController.swift */ = {isa = PBXFileReference; lastKnownFileType = sourcecode.swift; path = ViewController.swift; sourceTree = "<group>"; };
		43ADA3DA20EE0D9B009FAAA9 /* Base */ = {isa = PBXFileReference; lastKnownFileType = file.storyboard; name = Base; path = Base.lproj/Main.storyboard; sourceTree = "<group>"; };
		43ADA3DC20EE0D9D009FAAA9 /* Assets.xcassets */ = {isa = PBXFileReference; lastKnownFileType = folder.assetcatalog; path = Assets.xcassets; sourceTree = "<group>"; };
		43ADA3DF20EE0D9D009FAAA9 /* Base */ = {isa = PBXFileReference; lastKnownFileType = file.storyboard; name = Base; path = Base.lproj/LaunchScreen.storyboard; sourceTree = "<group>"; };
		43ADA3E120EE0D9D009FAAA9 /* Info.plist */ = {isa = PBXFileReference; lastKnownFileType = text.plist.xml; path = Info.plist; sourceTree = "<group>"; };
		43ADA3E720EE4526009FAAA9 /* CustomNavBar.swift */ = {isa = PBXFileReference; lastKnownFileType = sourcecode.swift; path = CustomNavBar.swift; sourceTree = "<group>"; };
		43BF564120F5EA6D00AF63FE /* TestView.swift */ = {isa = PBXFileReference; lastKnownFileType = sourcecode.swift; path = TestView.swift; sourceTree = "<group>"; };
		43CD08E720F3709100FA2919 /* AppDelegate.swift */ = {isa = PBXFileReference; lastKnownFileType = sourcecode.swift; path = AppDelegate.swift; sourceTree = "<group>"; };
/* End PBXFileReference section */

/* Begin PBXFrameworksBuildPhase section */
		43ADA3CF20EE0D9B009FAAA9 /* Frameworks */ = {
			isa = PBXFrameworksBuildPhase;
			buildActionMask = 2147483647;
			files = (
			);
			runOnlyForDeploymentPostprocessing = 0;
		};
/* End PBXFrameworksBuildPhase section */

/* Begin PBXGroup section */
		43ADA3C920EE0D9B009FAAA9 = {
			isa = PBXGroup;
			children = (
				43ADA3D420EE0D9B009FAAA9 /* GradientTest */,
				43ADA3D320EE0D9B009FAAA9 /* Products */,
			);
			sourceTree = "<group>";
		};
		43ADA3D320EE0D9B009FAAA9 /* Products */ = {
			isa = PBXGroup;
			children = (
				43ADA3D220EE0D9B009FAAA9 /* GradientTest.app */,
			);
			name = Products;
			sourceTree = "<group>";
		};
		43ADA3D420EE0D9B009FAAA9 /* GradientTest */ = {
			isa = PBXGroup;
			children = (
				43ADA3D720EE0D9B009FAAA9 /* ViewController.swift */,
				43ADA3D920EE0D9B009FAAA9 /* Main.storyboard */,
				43ADA3DC20EE0D9D009FAAA9 /* Assets.xcassets */,
				43ADA3DE20EE0D9D009FAAA9 /* LaunchScreen.storyboard */,
				43ADA3E120EE0D9D009FAAA9 /* Info.plist */,
				43ADA3E720EE4526009FAAA9 /* CustomNavBar.swift */,
				4326F5A720EF6CE600B39AA7 /* TestViewController.swift */,
				4381549020F09F1F00B2BDC8 /* NoiceTableViewCell.swift */,
				4351838420F24BE100635E5C /* NiceViewController.swift */,
				4351838620F24EEC00635E5C /* navbarhieghtextension.swift */,
				43CD08E720F3709100FA2919 /* AppDelegate.swift */,
				431E301F20F4A565002C8D57 /* SketchGradient.swift */,
				43BF564120F5EA6D00AF63FE /* TestView.swift */,
				438A2DE620F76AA000192508 /* UIControlInteractionManager.swift */,
			);
			path = GradientTest;
			sourceTree = "<group>";
		};
/* End PBXGroup section */

/* Begin PBXNativeTarget section */
		43ADA3D120EE0D9B009FAAA9 /* GradientTest */ = {
			isa = PBXNativeTarget;
			buildConfigurationList = 43ADA3E420EE0D9D009FAAA9 /* Build configuration list for PBXNativeTarget "GradientTest" */;
			buildPhases = (
				43ADA3CE20EE0D9B009FAAA9 /* Sources */,
				43ADA3CF20EE0D9B009FAAA9 /* Frameworks */,
				43ADA3D020EE0D9B009FAAA9 /* Resources */,
			);
			buildRules = (
			);
			dependencies = (
			);
			name = GradientTest;
			productName = GradientTest;
			productReference = 43ADA3D220EE0D9B009FAAA9 /* GradientTest.app */;
			productType = "com.apple.product-type.application";
		};
/* End PBXNativeTarget section */

/* Begin PBXProject section */
		43ADA3CA20EE0D9B009FAAA9 /* Project object */ = {
			isa = PBXProject;
			attributes = {
				LastSwiftUpdateCheck = 0940;
				LastUpgradeCheck = 0940;
				ORGANIZATIONNAME = "Ahmed Khattak";
				TargetAttributes = {
					43ADA3D120EE0D9B009FAAA9 = {
						CreatedOnToolsVersion = 9.4.1;
					};
				};
			};
			buildConfigurationList = 43ADA3CD20EE0D9B009FAAA9 /* Build configuration list for PBXProject "GradientTest" */;
			compatibilityVersion = "Xcode 9.3";
			developmentRegion = en;
			hasScannedForEncodings = 0;
			knownRegions = (
				en,
				Base,
			);
			mainGroup = 43ADA3C920EE0D9B009FAAA9;
			productRefGroup = 43ADA3D320EE0D9B009FAAA9 /* Products */;
			projectDirPath = "";
			projectRoot = "";
			targets = (
				43ADA3D120EE0D9B009FAAA9 /* GradientTest */,
			);
		};
/* End PBXProject section */

/* Begin PBXResourcesBuildPhase section */
		43ADA3D020EE0D9B009FAAA9 /* Resources */ = {
			isa = PBXResourcesBuildPhase;
			buildActionMask = 2147483647;
			files = (
				43ADA3E020EE0D9D009FAAA9 /* LaunchScreen.storyboard in Resources */,
				43ADA3DD20EE0D9D009FAAA9 /* Assets.xcassets in Resources */,
				43ADA3DB20EE0D9B009FAAA9 /* Main.storyboard in Resources */,
			);
			runOnlyForDeploymentPostprocessing = 0;
		};
/* End PBXResourcesBuildPhase section */

/* Begin PBXSourcesBuildPhase section */
		43ADA3CE20EE0D9B009FAAA9 /* Sources */ = {
			isa = PBXSourcesBuildPhase;
			buildActionMask = 2147483647;
			files = (
				438A2DE720F76AA000192508 /* UIControlInteractionManager.swift in Sources */,
				43ADA3E820EE4526009FAAA9 /* CustomNavBar.swift in Sources */,
				43ADA3D820EE0D9B009FAAA9 /* ViewController.swift in Sources */,
				4381549120F09F1F00B2BDC8 /* NoiceTableViewCell.swift in Sources */,
				4351838720F24EEC00635E5C /* navbarhieghtextension.swift in Sources */,
				4326F5A820EF6CE600B39AA7 /* TestViewController.swift in Sources */,
				43CD08E820F3709100FA2919 /* AppDelegate.swift in Sources */,
				43BF564220F5EA6D00AF63FE /* TestView.swift in Sources */,
				4351838520F24BE100635E5C /* NiceViewController.swift in Sources */,
				431E302020F4A565002C8D57 /* SketchGradient.swift in Sources */,
			);
			runOnlyForDeploymentPostprocessing = 0;
		};
/* End PBXSourcesBuildPhase section */

/* Begin PBXVariantGroup section */
		43ADA3D920EE0D9B009FAAA9 /* Main.storyboard */ = {
			isa = PBXVariantGroup;
			children = (
				43ADA3DA20EE0D9B009FAAA9 /* Base */,
			);
			name = Main.storyboard;
			sourceTree = "<group>";
		};
		43ADA3DE20EE0D9D009FAAA9 /* LaunchScreen.storyboard */ = {
			isa = PBXVariantGroup;
			children = (
				43ADA3DF20EE0D9D009FAAA9 /* Base */,
			);
			name = LaunchScreen.storyboard;
			sourceTree = "<group>";
		};
/* End PBXVariantGroup section */

/* Begin XCBuildConfiguration section */
		43ADA3E220EE0D9D009FAAA9 /* Debug */ = {
			isa = XCBuildConfiguration;
			buildSettings = {
				ALWAYS_SEARCH_USER_PATHS = NO;
				CLANG_ANALYZER_NONNULL = YES;
				CLANG_ANALYZER_NUMBER_OBJECT_CONVERSION = YES_AGGRESSIVE;
				CLANG_CXX_LANGUAGE_STANDARD = "gnu++14";
				CLANG_CXX_LIBRARY = "libc++";
				CLANG_ENABLE_MODULES = YES;
				CLANG_ENABLE_OBJC_ARC = YES;
				CLANG_ENABLE_OBJC_WEAK = YES;
				CLANG_WARN_BLOCK_CAPTURE_AUTORELEASING = YES;
				CLANG_WARN_BOOL_CONVERSION = YES;
				CLANG_WARN_COMMA = YES;
				CLANG_WARN_CONSTANT_CONVERSION = YES;
				CLANG_WARN_DEPRECATED_OBJC_IMPLEMENTATIONS = YES;
				CLANG_WARN_DIRECT_OBJC_ISA_USAGE = YES_ERROR;
				CLANG_WARN_DOCUMENTATION_COMMENTS = YES;
				CLANG_WARN_EMPTY_BODY = YES;
				CLANG_WARN_ENUM_CONVERSION = YES;
				CLANG_WARN_INFINITE_RECURSION = YES;
				CLANG_WARN_INT_CONVERSION = YES;
				CLANG_WARN_NON_LITERAL_NULL_CONVERSION = YES;
				CLANG_WARN_OBJC_IMPLICIT_RETAIN_SELF = YES;
				CLANG_WARN_OBJC_LITERAL_CONVERSION = YES;
				CLANG_WARN_OBJC_ROOT_CLASS = YES_ERROR;
				CLANG_WARN_RANGE_LOOP_ANALYSIS = YES;
				CLANG_WARN_STRICT_PROTOTYPES = YES;
				CLANG_WARN_SUSPICIOUS_MOVE = YES;
				CLANG_WARN_UNGUARDED_AVAILABILITY = YES_AGGRESSIVE;
				CLANG_WARN_UNREACHABLE_CODE = YES;
				CLANG_WARN__DUPLICATE_METHOD_MATCH = YES;
				CODE_SIGN_IDENTITY = "iPhone Developer";
				COPY_PHASE_STRIP = NO;
				DEBUG_INFORMATION_FORMAT = dwarf;
				ENABLE_STRICT_OBJC_MSGSEND = YES;
				ENABLE_TESTABILITY = YES;
				GCC_C_LANGUAGE_STANDARD = gnu11;
				GCC_DYNAMIC_NO_PIC = NO;
				GCC_NO_COMMON_BLOCKS = YES;
				GCC_OPTIMIZATION_LEVEL = 0;
				GCC_PREPROCESSOR_DEFINITIONS = (
					"DEBUG=1",
					"$(inherited)",
				);
				GCC_WARN_64_TO_32_BIT_CONVERSION = YES;
				GCC_WARN_ABOUT_RETURN_TYPE = YES_ERROR;
				GCC_WARN_UNDECLARED_SELECTOR = YES;
				GCC_WARN_UNINITIALIZED_AUTOS = YES_AGGRESSIVE;
				GCC_WARN_UNUSED_FUNCTION = YES;
				GCC_WARN_UNUSED_VARIABLE = YES;
				IPHONEOS_DEPLOYMENT_TARGET = 11.4;
				MTL_ENABLE_DEBUG_INFO = YES;
				ONLY_ACTIVE_ARCH = YES;
				SDKROOT = iphoneos;
				SWIFT_ACTIVE_COMPILATION_CONDITIONS = DEBUG;
				SWIFT_OPTIMIZATION_LEVEL = "-Onone";
			};
			name = Debug;
		};
		43ADA3E320EE0D9D009FAAA9 /* Release */ = {
			isa = XCBuildConfiguration;
			buildSettings = {
				ALWAYS_SEARCH_USER_PATHS = NO;
				CLANG_ANALYZER_NONNULL = YES;
				CLANG_ANALYZER_NUMBER_OBJECT_CONVERSION = YES_AGGRESSIVE;
				CLANG_CXX_LANGUAGE_STANDARD = "gnu++14";
				CLANG_CXX_LIBRARY = "libc++";
				CLANG_ENABLE_MODULES = YES;
				CLANG_ENABLE_OBJC_ARC = YES;
				CLANG_ENABLE_OBJC_WEAK = YES;
				CLANG_WARN_BLOCK_CAPTURE_AUTORELEASING = YES;
				CLANG_WARN_BOOL_CONVERSION = YES;
				CLANG_WARN_COMMA = YES;
				CLANG_WARN_CONSTANT_CONVERSION = YES;
				CLANG_WARN_DEPRECATED_OBJC_IMPLEMENTATIONS = YES;
				CLANG_WARN_DIRECT_OBJC_ISA_USAGE = YES_ERROR;
				CLANG_WARN_DOCUMENTATION_COMMENTS = YES;
				CLANG_WARN_EMPTY_BODY = YES;
				CLANG_WARN_ENUM_CONVERSION = YES;
				CLANG_WARN_INFINITE_RECURSION = YES;
				CLANG_WARN_INT_CONVERSION = YES;
				CLANG_WARN_NON_LITERAL_NULL_CONVERSION = YES;
				CLANG_WARN_OBJC_IMPLICIT_RETAIN_SELF = YES;
				CLANG_WARN_OBJC_LITERAL_CONVERSION = YES;
				CLANG_WARN_OBJC_ROOT_CLASS = YES_ERROR;
				CLANG_WARN_RANGE_LOOP_ANALYSIS = YES;
				CLANG_WARN_STRICT_PROTOTYPES = YES;
				CLANG_WARN_SUSPICIOUS_MOVE = YES;
				CLANG_WARN_UNGUARDED_AVAILABILITY = YES_AGGRESSIVE;
				CLANG_WARN_UNREACHABLE_CODE = YES;
				CLANG_WARN__DUPLICATE_METHOD_MATCH = YES;
				CODE_SIGN_IDENTITY = "iPhone Developer";
				COPY_PHASE_STRIP = NO;
				DEBUG_INFORMATION_FORMAT = "dwarf-with-dsym";
				ENABLE_NS_ASSERTIONS = NO;
				ENABLE_STRICT_OBJC_MSGSEND = YES;
				GCC_C_LANGUAGE_STANDARD = gnu11;
				GCC_NO_COMMON_BLOCKS = YES;
				GCC_WARN_64_TO_32_BIT_CONVERSION = YES;
				GCC_WARN_ABOUT_RETURN_TYPE = YES_ERROR;
				GCC_WARN_UNDECLARED_SELECTOR = YES;
				GCC_WARN_UNINITIALIZED_AUTOS = YES_AGGRESSIVE;
				GCC_WARN_UNUSED_FUNCTION = YES;
				GCC_WARN_UNUSED_VARIABLE = YES;
				IPHONEOS_DEPLOYMENT_TARGET = 11.4;
				MTL_ENABLE_DEBUG_INFO = NO;
				SDKROOT = iphoneos;
				SWIFT_COMPILATION_MODE = wholemodule;
				SWIFT_OPTIMIZATION_LEVEL = "-O";
				VALIDATE_PRODUCT = YES;
			};
			name = Release;
		};
		43ADA3E520EE0D9D009FAAA9 /* Debug */ = {
			isa = XCBuildConfiguration;
			buildSettings = {
				ASSETCATALOG_COMPILER_APPICON_NAME = AppIcon;
				CODE_SIGN_STYLE = Automatic;
				DEVELOPMENT_TEAM = 6R69583G38;
				INFOPLIST_FILE = GradientTest/Info.plist;
				IPHONEOS_DEPLOYMENT_TARGET = 11.0;
				LD_RUNPATH_SEARCH_PATHS = (
					"$(inherited)",
					"@executable_path/Frameworks",
				);
				PRODUCT_BUNDLE_IDENTIFIER = test.GradientTest;
				PRODUCT_NAME = "$(TARGET_NAME)";
				SWIFT_VERSION = 4.0;
				TARGETED_DEVICE_FAMILY = "1,2";
			};
			name = Debug;
		};
		43ADA3E620EE0D9D009FAAA9 /* Release */ = {
			isa = XCBuildConfiguration;
			buildSettings = {
				ASSETCATALOG_COMPILER_APPICON_NAME = AppIcon;
				CODE_SIGN_STYLE = Automatic;
				DEVELOPMENT_TEAM = 6R69583G38;
				INFOPLIST_FILE = GradientTest/Info.plist;
				IPHONEOS_DEPLOYMENT_TARGET = 11.0;
				LD_RUNPATH_SEARCH_PATHS = (
					"$(inherited)",
					"@executable_path/Frameworks",
				);
				PRODUCT_BUNDLE_IDENTIFIER = test.GradientTest;
				PRODUCT_NAME = "$(TARGET_NAME)";
				SWIFT_VERSION = 4.0;
				TARGETED_DEVICE_FAMILY = "1,2";
			};
			name = Release;
		};
/* End XCBuildConfiguration section */

/* Begin XCConfigurationList section */
		43ADA3CD20EE0D9B009FAAA9 /* Build configuration list for PBXProject "GradientTest" */ = {
			isa = XCConfigurationList;
			buildConfigurations = (
				43ADA3E220EE0D9D009FAAA9 /* Debug */,
				43ADA3E320EE0D9D009FAAA9 /* Release */,
			);
			defaultConfigurationIsVisible = 0;
			defaultConfigurationName = Release;
		};
		43ADA3E420EE0D9D009FAAA9 /* Build configuration list for PBXNativeTarget "GradientTest" */ = {
			isa = XCConfigurationList;
			buildConfigurations = (
				43ADA3E520EE0D9D009FAAA9 /* Debug */,
				43ADA3E620EE0D9D009FAAA9 /* Release */,
			);
			defaultConfigurationIsVisible = 0;
			defaultConfigurationName = Release;
		};
/* End XCConfigurationList section */
	};
	rootObject = 43ADA3CA20EE0D9B009FAAA9 /* Project object */;
}
